
Microsoft Visual Studio Solution File, Format Version 12.00
# Visual Studio Version 17
VisualStudioVersion = 17.7.34221.43
MinimumVisualStudioVersion = 10.0.40219.1
Project("{FAE04EC0-301F-11D3-BF4B-00C04F79EFBC}") = "7Week Func", "7Week Func\7Week Func.csproj", "{58ED2398-80E6-43FB-B619-0FD0A9261149}"
EndProject
Project("{FAE04EC0-301F-11D3-BF4B-00C04F79EFBC}") = "7WeekArgumentsandParameters", "7WeekArgumentsandParameters\7WeekArgumentsandParameters.csproj", "{4749E3B1-6810-4A78-A987-D1BE3D76FD60}"
EndProject
Project("{FAE04EC0-301F-11D3-BF4B-00C04F79EFBC}") = "7WeekCalculator", "7WeekCalculator\7WeekCalculator.csproj", "{0E295979-EA5D-4EC2-BE51-0A1DA6F8AB87}"
EndProject
Project("{FAE04EC0-301F-11D3-BF4B-00C04F79EFBC}") = "DidcountCalculator", "DidcountCalculator\DidcountCalculator.csproj", "{80B421A4-44C3-475D-8807-01C85A9BC928}"
EndProject
Global
	GlobalSection(SolutionConfigurationPlatforms) = preSolution
		Debug|Any CPU = Debug|Any CPU
		Release|Any CPU = Release|Any CPU
	EndGlobalSection
	GlobalSection(ProjectConfigurationPlatforms) = postSolution
		{58ED2398-80E6-43FB-B619-0FD0A9261149}.Debug|Any CPU.ActiveCfg = Debug|Any CPU
		{58ED2398-80E6-43FB-B619-0FD0A9261149}.Debug|Any CPU.Build.0 = Debug|Any CPU
		{58ED2398-80E6-43FB-B619-0FD0A9261149}.Release|Any CPU.ActiveCfg = Release|Any CPU
		{58ED2398-80E6-43FB-B619-0FD0A9261149}.Release|Any CPU.Build.0 = Release|Any CPU
		{4749E3B1-6810-4A78-A987-D1BE3D76FD60}.Debug|Any CPU.ActiveCfg = Debug|Any CPU
		{4749E3B1-6810-4A78-A987-D1BE3D76FD60}.Debug|Any CPU.Build.0 = Debug|Any CPU
		{4749E3B1-6810-4A78-A987-D1BE3D76FD60}.Release|Any CPU.ActiveCfg = Release|Any CPU
		{4749E3B1-6810-4A78-A987-D1BE3D76FD60}.Release|Any CPU.Build.0 = Release|Any CPU
		{0E295979-EA5D-4EC2-BE51-0A1DA6F8AB87}.Debug|Any CPU.ActiveCfg = Debug|Any CPU
		{0E295979-EA5D-4EC2-BE51-0A1DA6F8AB87}.Debug|Any CPU.Build.0 = Debug|Any CPU
		{0E295979-EA5D-4EC2-BE51-0A1DA6F8AB87}.Release|Any CPU.ActiveCfg = Release|Any CPU
		{0E295979-EA5D-4EC2-BE51-0A1DA6F8AB87}.Release|Any CPU.Build.0 = Release|Any CPU
		{80B421A4-44C3-475D-8807-01C85A9BC928}.Debug|Any CPU.ActiveCfg = Debug|Any CPU
		{80B421A4-44C3-475D-8807-01C85A9BC928}.Debug|Any CPU.Build.0 = Debug|Any CPU
		{80B421A4-44C3-475D-8807-01C85A9BC928}.Release|Any CPU.ActiveCfg = Release|Any CPU
		{80B421A4-44C3-475D-8807-01C85A9BC928}.Release|Any CPU.Build.0 = Release|Any CPU
	EndGlobalSection
	GlobalSection(SolutionProperties) = preSolution
		HideSolutionNode = FALSE
	EndGlobalSection
	GlobalSection(ExtensibilityGlobals) = postSolution
		SolutionGuid = {74E1768F-DC13-43F2-BD76-7DB67F8B566B}
	EndGlobalSection
EndGlobal
